<Solution>
  <Folder Name="/Solution Items/">
    <File Path="../dnasmyth/VistA_VA/Packages.csv" />
    <File Path="Readme.txt" />
  </Folder>
  <Project Path="NewVistas.Abstractions/NewVistas.Abstractions.csproj" Id="f8b9f94e-38a4-4ca4-b68e-56a5e8cebcfa" />
  <Project Path="NewVistas.BlazorWeb/NewVistas.BlazorWeb.csproj" Id="8982e7cf-18a3-4448-afd2-7fa821b3aeb8">
    <Build Solution="Debug|*" Project="false" />
  </Project>
  <Project Path="NewVistas.CharUI/NewVistas.CharUI.csproj" Id="50117aaa-f39d-4e60-ba7d-3c9d8ffbf5e6">
    <Build Solution="Debug|*" Project="false" />
  </Project>
  <Project Path="NewVistas.FunctionalTests/NewVistas.FunctionalTests.csproj" Id="d316dff7-62e6-4adf-a588-734226e168f8" />
  <Project Path="NewVistas.PT.Tests/NewVistas.PT.Tests.csproj" />
  <Project Path="NewVistas.PT/NewVistas.PT.csproj" />
  <Project Path="NewVistas.UnitTests/NewVistas.UnitTests.csproj" Id="371539cc-7b13-4fef-a2b4-a8e94fe4333a" />
  <Project Path="NewVistas.WebServer/NewVistas.WebServer.csproj" />
  <Project Path="NewVistas.WpfDelphiUI/NewVistas.WpfDelphiUI.csproj" Id="f8b9018a-a7eb-4c9d-aa1b-ddd70bf312ed">
    <Build Solution="Debug|*" Project="false" />
  </Project>
    <Build Solution="Debug|*" Project="false" />
  <Project Path="NewVistas.Wpf_UI/NewVistas.Wpf_UI.csproj" Id="ae0496fc-db9b-43c3-a47c-419bc66e1bed">
    <Build Solution="Debug|*" Project="false" />
  </Project>
</Solution>
