Microsoft Visual Studio Solution File, Format Version 12.00
# Visual Studio Version 17
VisualStudioVersion = 17.5.2.0
MinimumVisualStudioVersion = 10.0.40219.1
Project("{FAE04EC0-301F-11D3-BF4B-00C04F79EFBC}") = "NewVistas.Abstractions", "NewVistas.Abstractions.csproj", "{6222FBBA-CA46-7B6C-E276-4248088AAD00}"
EndProject
Global
	GlobalSection(SolutionConfigurationPlatforms) = preSolution
		Debug|Any CPU = Debug|Any CPU
		Release|Any CPU = Release|Any CPU
	EndGlobalSection
	GlobalSection(ProjectConfigurationPlatforms) = postSolution
		{6222FBBA-CA46-7B6C-E276-4248088AAD00}.Debug|Any CPU.ActiveCfg = Debug|Any CPU
		{6222FBBA-CA46-7B6C-E276-4248088AAD00}.Debug|Any CPU.Build.0 = Debug|Any CPU
		{6222FBBA-CA46-7B6C-E276-4248088AAD00}.Release|Any CPU.ActiveCfg = Release|Any CPU
		{6222FBBA-CA46-7B6C-E276-4248088AAD00}.Release|Any CPU.Build.0 = Release|Any CPU
	EndGlobalSection
	GlobalSection(SolutionProperties) = preSolution
		HideSolutionNode = FALSE
	EndGlobalSection
	GlobalSection(ExtensibilityGlobals) = postSolution
		SolutionGuid = {BDE1A601-0052-4C4A-B071-CA4377934C94}
	EndGlobalSection
EndGlobal
